{
  "version": 4,
  "terraform_version": "1.6.4",
  "serial": 3,
  "lineage": "d81e08dd-58a7-b17d-42b2-b6e0fd1e1cae",
  "outputs": {},
  "resources": [
    {
      "mode": "managed",
      "type": "vultr_instance",
      "name": "elotrm",
      "provider": "provider[\"registry.terraform.io/vultr/vultr\"]",
      "instances": [
        {
          "status": "tainted",
          "schema_version": 0,
          "attributes": {
            "activation_email": null,
            "allowed_bandwidth": 1,
            "app_id": 0,
            "backups": "disabled",
            "backups_schedule": [],
            "date_created": "2023-11-30T11:49:44+00:00",
            "ddos_protection": false,
            "default_password": "4zX=uA2#U?F__rnj",
            "disk": 25,
            "enable_ipv6": null,
            "features": [],
            "firewall_group_id": "",
            "gateway_v4": "45.76.80.1",
            "hostname": "elotrm",
            "id": "e408d43e-a91c-4265-af50-503ea5ff6dd4",
            "image_id": null,
            "internal_ip": "",
            "iso_id": null,
            "kvm": "https://my.vultr.com/subs/vps/novnc/api.php?data=djJ8WU13cXhmQWdWWkdkU1ItbDQyREdMTzQwSEhHeURDbGR89KVFe0XnuZmA_E58RVpjeMJ4doDTkPTElT6PMum8Xces3mx_PB5MGrOtXavbpsv00OATakmlcDxH7Q4CwARTvHldTS3D5r_e_S7O9c0CTWDxr68A6yJLpHb0H-bqfKDRZVw4gsprOZduegQYlgqpyWzfHCybHqXPRPVh2aEMHY8iRoDx7pXuBrbb13yErcA",
            "label": null,
            "main_ip": "45.76.81.90",
            "netmask_v4": "255.255.254.0",
            "os": "Ubuntu 20.04 LTS x64",
            "os_id": 387,
            "plan": "vc2-1c-1gb",
            "power_status": "running",
            "private_network_ids": [],
            "ram": 1024,
            "region": "fra",
            "reserved_ip_id": null,
            "script_id": null,
            "server_status": "installingbooting",
            "snapshot_id": null,
            "ssh_key_ids": null,
            "status": "active",
            "tags": null,
            "timeouts": null,
            "user_data": null,
            "v6_main_ip": "",
            "v6_network": "",
            "v6_network_size": 0,
            "vcpu_count": 1,
            "vpc2_ids": null,
            "vpc_ids": []
          },
          "sensitive_attributes": [],
          "private": "eyJlMmJmYjczMC1lY2FhLTExZTYtOGY4OC0zNDM2M2JjN2M0YzAiOnsiY3JlYXRlIjozNjAwMDAwMDAwMDAwLCJ1cGRhdGUiOjM2MDAwMDAwMDAwMDB9fQ=="
        }
      ]
    }
  ],
  "check_results": null
}
