{
  "version": 4,
  "terraform_version": "1.6.4",
  "serial": 5,
  "lineage": "d81e08dd-58a7-b17d-42b2-b6e0fd1e1cae",
  "outputs": {
    "instance_ip": {
      "value": "199.247.17.125",
      "type": "string"
    }
  },
  "resources": [
    {
      "mode": "managed",
      "type": "vultr_instance",
      "name": "elotrm",
      "provider": "provider[\"registry.terraform.io/vultr/vultr\"]",
      "instances": [
        {
          "schema_version": 0,
          "attributes": {
            "activation_email": null,
            "allowed_bandwidth": 1,
            "app_id": 0,
            "backups": "disabled",
            "backups_schedule": [],
            "date_created": "2023-11-30T15:20:05+00:00",
            "ddos_protection": false,
            "default_password": "Y5o!Afq+!ivp2@%M",
            "disk": 25,
            "enable_ipv6": null,
            "features": [],
            "firewall_group_id": "",
            "gateway_v4": "199.247.16.1",
            "hostname": "elotrm",
            "id": "55fc02aa-f277-4f44-ab92-a6b424631666",
            "image_id": null,
            "internal_ip": "",
            "iso_id": null,
            "kvm": "https://my.vultr.com/subs/vps/novnc/api.php?data=djJ8T2dySUVVM3FLenQwWS0yWEJwdjdlWGtQa1B2THZBZmV8knMvAVWLtK6dBg0y5gY9xX6vXWIoBVTXcGQajv69WvkZk-3PKKp3T651UAoC5yCUvMBGYZmljb6htclNn3VmpAWsiXsnuP_YLDt0aNubXPFzIl3n-qH9SkdCDP-Mji3iftpuEr630w3LBOAAGN2XpbmMXpQTVjH6a28h20dGWMsdFri_HsOC4gz412S_2CI",
            "label": null,
            "main_ip": "199.247.17.125",
            "netmask_v4": "255.255.254.0",
            "os": "Ubuntu 20.04 LTS x64",
            "os_id": 387,
            "plan": "vc2-1c-1gb",
            "power_status": "running",
            "private_network_ids": [],
            "ram": 1024,
            "region": "fra",
            "reserved_ip_id": null,
            "script_id": null,
            "server_status": "installingbooting",
            "snapshot_id": null,
            "ssh_key_ids": null,
            "status": "active",
            "tags": null,
            "timeouts": null,
            "user_data": "sudo apt-get update\r\nsudo apt-get install -y docker.io\r\nsudo systemctl start docker\r\nsudo systemctl enable docker\r\n",
            "v6_main_ip": "",
            "v6_network": "",
            "v6_network_size": 0,
            "vcpu_count": 1,
            "vpc2_ids": null,
            "vpc_ids": []
          },
          "sensitive_attributes": [],
          "private": "eyJlMmJmYjczMC1lY2FhLTExZTYtOGY4OC0zNDM2M2JjN2M0YzAiOnsiY3JlYXRlIjozNjAwMDAwMDAwMDAwLCJ1cGRhdGUiOjM2MDAwMDAwMDAwMDB9fQ=="
        }
      ]
    }
  ],
  "check_results": null
}
